// !$*UTF8*$!
{
	archiveVersion = 1;
	classes = {
	};
	objectVersion = 46;
	objects = {

/* Begin PBXBuildFile section */
		598507661D89BF7F0032DBA8 /* main.m in Sources */ = {isa = PBXBuildFile; fileRef = 598507651D89BF7F0032DBA8 /* main.m */; };
		598507691D89BF7F0032DBA8 /* AppDelegate.m in Sources */ = {isa = PBXBuildFile; fileRef = 598507681D89BF7F0032DBA8 /* AppDelegate.m */; };
		5985076C1D89BF7F0032DBA8 /* ViewController.m in Sources */ = {isa = PBXBuildFile; fileRef = 5985076B1D89BF7F0032DBA8 /* ViewController.m */; };
		5985076F1D89BF7F0032DBA8 /* Main.storyboard in Resources */ = {isa = PBXBuildFile; fileRef = 5985076D1D89BF7F0032DBA8 /* Main.storyboard */; };
		598507711D89BF7F0032DBA8 /* Assets.xcassets in Resources */ = {isa = PBXBuildFile; fileRef = 598507701D89BF7F0032DBA8 /* Assets.xcassets */; };
		598507741D89BF7F0032DBA8 /* LaunchScreen.storyboard in Resources */ = {isa = PBXBuildFile; fileRef = 598507721D89BF7F0032DBA8 /* LaunchScreen.storyboard */; };
/* End PBXBuildFile section */

/* Begin PBXFileReference section */
		598507611D89BF7F0032DBA8 /* JSonTest.app */ = {isa = PBXFileReference; explicitFileType = wrapper.application; includeInIndex = 0; path = JSonTest.app; sourceTree = BUILT_PRODUCTS_DIR; };
		598507651D89BF7F0032DBA8 /* main.m */ = {isa = PBXFileReference; lastKnownFileType = sourcecode.c.objc; path = main.m; sourceTree = "<group>"; };
		598507671D89BF7F0032DBA8 /* AppDelegate.h */ = {isa = PBXFileReference; lastKnownFileType = sourcecode.c.h; path = AppDelegate.h; sourceTree = "<group>"; };
		598507681D89BF7F0032DBA8 /* AppDelegate.m */ = {isa = PBXFileReference; lastKnownFileType = sourcecode.c.objc; path = AppDelegate.m; sourceTree = "<group>"; };
		5985076A1D89BF7F0032DBA8 /* ViewController.h */ = {isa = PBXFileReference; lastKnownFileType = sourcecode.c.h; path = ViewController.h; sourceTree = "<group>"; };
		5985076B1D89BF7F0032DBA8 /* ViewController.m */ = {isa = PBXFileReference; lastKnownFileType = sourcecode.c.objc; path = ViewController.m; sourceTree = "<group>"; };
		5985076E1D89BF7F0032DBA8 /* Base */ = {isa = PBXFileReference; lastKnownFileType = file.storyboard; name = Base; path = Base.lproj/Main.storyboard; sourceTree = "<group>"; };
		598507701D89BF7F0032DBA8 /* Assets.xcassets */ = {isa = PBXFileReference; lastKnownFileType = folder.assetcatalog; path = Assets.xcassets; sourceTree = "<group>"; };
		598507731D89BF7F0032DBA8 /* Base */ = {isa = PBXFileReference; lastKnownFileType = file.storyboard; name = Base; path = Base.lproj/LaunchScreen.storyboard; sourceTree = "<group>"; };
		598507751D89BF7F0032DBA8 /* Info.plist */ = {isa = PBXFileReference; lastKnownFileType = text.plist.xml; path = Info.plist; sourceTree = "<group>"; };
/* End PBXFileReference section */

/* Begin PBXFrameworksBuildPhase section */
		5985075E1D89BF7F0032DBA8 /* Frameworks */ = {
			isa = PBXFrameworksBuildPhase;
			buildActionMask = 2147483647;
			files = (
			);
			runOnlyForDeploymentPostprocessing = 0;
		};
/* End PBXFrameworksBuildPhase section */

/* Begin PBXGroup section */
		598507581D89BF7F0032DBA8 = {
			isa = PBXGroup;
			children = (
				598507631D89BF7F0032DBA8 /* JSonTest */,
				598507621D89BF7F0032DBA8 /* Products */,
			);
			sourceTree = "<group>";
		};
		598507621D89BF7F0032DBA8 /* Products */ = {
			isa = PBXGroup;
			children = (
				598507611D89BF7F0032DBA8 /* JSonTest.app */,
			);
			name = Products;
			sourceTree = "<group>";
		};
		598507631D89BF7F0032DBA8 /* JSonTest */ = {
			isa = PBXGroup;
			children = (
				598507671D89BF7F0032DBA8 /* AppDelegate.h */,
				598507681D89BF7F0032DBA8 /* AppDelegate.m */,
				5985076A1D89BF7F0032DBA8 /* ViewController.h */,
				5985076B1D89BF7F0032DBA8 /* ViewController.m */,
				5985076D1D89BF7F0032DBA8 /* Main.storyboard */,
				598507701D89BF7F0032DBA8 /* Assets.xcassets */,
				598507721D89BF7F0032DBA8 /* LaunchScreen.storyboard */,
				598507751D89BF7F0032DBA8 /* Info.plist */,
				598507641D89BF7F0032DBA8 /* Supporting Files */,
			);
			path = JSonTest;
			sourceTree = "<group>";
		};
		598507641D89BF7F0032DBA8 /* Supporting Files */ = {
			isa = PBXGroup;
			children = (
				598507651D89BF7F0032DBA8 /* main.m */,
			);
			name = "Supporting Files";
			sourceTree = "<group>";
		};
/* End PBXGroup section */

/* Begin PBXNativeTarget section */
		598507601D89BF7F0032DBA8 /* JSonTest */ = {
			isa = PBXNativeTarget;
			buildConfigurationList = 598507781D89BF7F0032DBA8 /* Build configuration list for PBXNativeTarget "JSonTest" */;
			buildPhases = (
				5985075D1D89BF7F0032DBA8 /* Sources */,
				5985075E1D89BF7F0032DBA8 /* Frameworks */,
				5985075F1D89BF7F0032DBA8 /* Resources */,
			);
			buildRules = (
			);
			dependencies = (
			);
			name = JSonTest;
			productName = JSonTest;
			productReference = 598507611D89BF7F0032DBA8 /* JSonTest.app */;
			productType = "com.apple.product-type.application";
		};
/* End PBXNativeTarget section */

/* Begin PBXProject section */
		598507591D89BF7F0032DBA8 /* Project object */ = {
			isa = PBXProject;
			attributes = {
				LastUpgradeCheck = 0730;
				ORGANIZATIONNAME = user01;
				TargetAttributes = {
					598507601D89BF7F0032DBA8 = {
						CreatedOnToolsVersion = 7.3.1;
					};
				};
			};
			buildConfigurationList = 5985075C1D89BF7F0032DBA8 /* Build configuration list for PBXProject "JSonTest" */;
			compatibilityVersion = "Xcode 3.2";
			developmentRegion = English;
			hasScannedForEncodings = 0;
			knownRegions = (
				en,
				Base,
			);
			mainGroup = 598507581D89BF7F0032DBA8;
			productRefGroup = 598507621D89BF7F0032DBA8 /* Products */;
			projectDirPath = "";
			projectRoot = "";
			targets = (
				598507601D89BF7F0032DBA8 /* JSonTest */,
			);
		};
/* End PBXProject section */

/* Begin PBXResourcesBuildPhase section */
		5985075F1D89BF7F0032DBA8 /* Resources */ = {
			isa = PBXResourcesBuildPhase;
			buildActionMask = 2147483647;
			files = (
				598507741D89BF7F0032DBA8 /* LaunchScreen.storyboard in Resources */,
				598507711D89BF7F0032DBA8 /* Assets.xcassets in Resources */,
				5985076F1D89BF7F0032DBA8 /* Main.storyboard in Resources */,
			);
			runOnlyForDeploymentPostprocessing = 0;
		};
/* End PBXResourcesBuildPhase section */

/* Begin PBXSourcesBuildPhase section */
		5985075D1D89BF7F0032DBA8 /* Sources */ = {
			isa = PBXSourcesBuildPhase;
			buildActionMask = 2147483647;
			files = (
				5985076C1D89BF7F0032DBA8 /* ViewController.m in Sources */,
				598507691D89BF7F0032DBA8 /* AppDelegate.m in Sources */,
				598507661D89BF7F0032DBA8 /* main.m in Sources */,
			);
			runOnlyForDeploymentPostprocessing = 0;
		};
/* End PBXSourcesBuildPhase section */

/* Begin PBXVariantGroup section */
		5985076D1D89BF7F0032DBA8 /* Main.storyboard */ = {
			isa = PBXVariantGroup;
			children = (
				5985076E1D89BF7F0032DBA8 /* Base */,
			);
			name = Main.storyboard;
			sourceTree = "<group>";
		};
		598507721D89BF7F0032DBA8 /* LaunchScreen.storyboard */ = {
			isa = PBXVariantGroup;
			children = (
				598507731D89BF7F0032DBA8 /* Base */,
			);
			name = LaunchScreen.storyboard;
			sourceTree = "<group>";
		};
/* End PBXVariantGroup section */

/* Begin XCBuildConfiguration section */
		598507761D89BF7F0032DBA8 /* Debug */ = {
			isa = XCBuildConfiguration;
			buildSettings = {
				ALWAYS_SEARCH_USER_PATHS = NO;
				CLANG_ANALYZER_NONNULL = YES;
				CLANG_CXX_LANGUAGE_STANDARD = "gnu++0x";
				CLANG_CXX_LIBRARY = "libc++";
				CLANG_ENABLE_MODULES = YES;
				CLANG_ENABLE_OBJC_ARC = YES;
				CLANG_WARN_BOOL_CONVERSION = YES;
				CLANG_WARN_CONSTANT_CONVERSION = YES;
				CLANG_WARN_DIRECT_OBJC_ISA_USAGE = YES_ERROR;
				CLANG_WARN_EMPTY_BODY = YES;
				CLANG_WARN_ENUM_CONVERSION = YES;
				CLANG_WARN_INT_CONVERSION = YES;
				CLANG_WARN_OBJC_ROOT_CLASS = YES_ERROR;
				CLANG_WARN_UNREACHABLE_CODE = YES;
				CLANG_WARN__DUPLICATE_METHOD_MATCH = YES;
				"CODE_SIGN_IDENTITY[sdk=iphoneos*]" = "iPhone Developer";
				COPY_PHASE_STRIP = NO;
				DEBUG_INFORMATION_FORMAT = dwarf;
				ENABLE_STRICT_OBJC_MSGSEND = YES;
				ENABLE_TESTABILITY = YES;
				GCC_C_LANGUAGE_STANDARD = gnu99;
				GCC_DYNAMIC_NO_PIC = NO;
				GCC_NO_COMMON_BLOCKS = YES;
				GCC_OPTIMIZATION_LEVEL = 0;
				GCC_PREPROCESSOR_DEFINITIONS = (
					"DEBUG=1",
					"$(inherited)",
				);
				GCC_WARN_64_TO_32_BIT_CONVERSION = YES;
				GCC_WARN_ABOUT_RETURN_TYPE = YES_ERROR;
				GCC_WARN_UNDECLARED_SELECTOR = YES;
				GCC_WARN_UNINITIALIZED_AUTOS = YES_AGGRESSIVE;
				GCC_WARN_UNUSED_FUNCTION = YES;
				GCC_WARN_UNUSED_VARIABLE = YES;
				IPHONEOS_DEPLOYMENT_TARGET = 9.3;
				MTL_ENABLE_DEBUG_INFO = YES;
				ONLY_ACTIVE_ARCH = YES;
				SDKROOT = iphoneos;
				TARGETED_DEVICE_FAMILY = "1,2";
			};
			name = Debug;
		};
		598507771D89BF7F0032DBA8 /* Release */ = {
			isa = XCBuildConfiguration;
			buildSettings = {
				ALWAYS_SEARCH_USER_PATHS = NO;
				CLANG_ANALYZER_NONNULL = YES;
				CLANG_CXX_LANGUAGE_STANDARD = "gnu++0x";
				CLANG_CXX_LIBRARY = "libc++";
				CLANG_ENABLE_MODULES = YES;
				CLANG_ENABLE_OBJC_ARC = YES;
				CLANG_WARN_BOOL_CONVERSION = YES;
				CLANG_WARN_CONSTANT_CONVERSION = YES;
				CLANG_WARN_DIRECT_OBJC_ISA_USAGE = YES_ERROR;
				CLANG_WARN_EMPTY_BODY = YES;
				CLANG_WARN_ENUM_CONVERSION = YES;
				CLANG_WARN_INT_CONVERSION = YES;
				CLANG_WARN_OBJC_ROOT_CLASS = YES_ERROR;
				CLANG_WARN_UNREACHABLE_CODE = YES;
				CLANG_WARN__DUPLICATE_METHOD_MATCH = YES;
				"CODE_SIGN_IDENTITY[sdk=iphoneos*]" = "iPhone Developer";
				COPY_PHASE_STRIP = NO;
				DEBUG_INFORMATION_FORMAT = "dwarf-with-dsym";
				ENABLE_NS_ASSERTIONS = NO;
				ENABLE_STRICT_OBJC_MSGSEND = YES;
				GCC_C_LANGUAGE_STANDARD = gnu99;
				GCC_NO_COMMON_BLOCKS = YES;
				GCC_WARN_64_TO_32_BIT_CONVERSION = YES;
				GCC_WARN_ABOUT_RETURN_TYPE = YES_ERROR;
				GCC_WARN_UNDECLARED_SELECTOR = YES;
				GCC_WARN_UNINITIALIZED_AUTOS = YES_AGGRESSIVE;
				GCC_WARN_UNUSED_FUNCTION = YES;
				GCC_WARN_UNUSED_VARIABLE = YES;
				IPHONEOS_DEPLOYMENT_TARGET = 9.3;
				MTL_ENABLE_DEBUG_INFO = NO;
				SDKROOT = iphoneos;
				TARGETED_DEVICE_FAMILY = "1,2";
				VALIDATE_PRODUCT = YES;
			};
			name = Release;
		};
		598507791D89BF7F0032DBA8 /* Debug */ = {
			isa = XCBuildConfiguration;
			buildSettings = {
				ASSETCATALOG_COMPILER_APPICON_NAME = AppIcon;
				INFOPLIST_FILE = JSonTest/Info.plist;
				LD_RUNPATH_SEARCH_PATHS = "$(inherited) @executable_path/Frameworks";
				PRODUCT_BUNDLE_IDENTIFIER = Peer.JSonTest;
				PRODUCT_NAME = "$(TARGET_NAME)";
			};
			name = Debug;
		};
		5985077A1D89BF7F0032DBA8 /* Release */ = {
			isa = XCBuildConfiguration;
			buildSettings = {
				ASSETCATALOG_COMPILER_APPICON_NAME = AppIcon;
				INFOPLIST_FILE = JSonTest/Info.plist;
				LD_RUNPATH_SEARCH_PATHS = "$(inherited) @executable_path/Frameworks";
				PRODUCT_BUNDLE_IDENTIFIER = Peer.JSonTest;
				PRODUCT_NAME = "$(TARGET_NAME)";
			};
			name = Release;
		};
/* End XCBuildConfiguration section */

/* Begin XCConfigurationList section */
		5985075C1D89BF7F0032DBA8 /* Build configuration list for PBXProject "JSonTest" */ = {
			isa = XCConfigurationList;
			buildConfigurations = (
				598507761D89BF7F0032DBA8 /* Debug */,
				598507771D89BF7F0032DBA8 /* Release */,
			);
			defaultConfigurationIsVisible = 0;
			defaultConfigurationName = Release;
		};
		598507781D89BF7F0032DBA8 /* Build configuration list for PBXNativeTarget "JSonTest" */ = {
			isa = XCConfigurationList;
			buildConfigurations = (
				598507791D89BF7F0032DBA8 /* Debug */,
				5985077A1D89BF7F0032DBA8 /* Release */,
			);
			defaultConfigurationIsVisible = 0;
		};
/* End XCConfigurationList section */
	};
	rootObject = 598507591D89BF7F0032DBA8 /* Project object */;
}
